
Microsoft Visual Studio Solution File, Format Version 12.00
# Visual Studio 2012
Project("{FAE04EC0-301F-11D3-BF4B-00C04F79EFBC}") = "2-1-3", "2-1-3\2-1-3.csproj", "{D19F8828-5BF6-44C7-B7AA-D1DC37D78516}"
EndProject
Global
	GlobalSection(SolutionConfigurationPlatforms) = preSolution
		Debug|Any CPU = Debug|Any CPU
		Release|Any CPU = Release|Any CPU
	EndGlobalSection
	GlobalSection(ProjectConfigurationPlatforms) = postSolution
		{D19F8828-5BF6-44C7-B7AA-D1DC37D78516}.Debug|Any CPU.ActiveCfg = Debug|Any CPU
		{D19F8828-5BF6-44C7-B7AA-D1DC37D78516}.Debug|Any CPU.Build.0 = Debug|Any CPU
		{D19F8828-5BF6-44C7-B7AA-D1DC37D78516}.Release|Any CPU.ActiveCfg = Release|Any CPU
		{D19F8828-5BF6-44C7-B7AA-D1DC37D78516}.Release|Any CPU.Build.0 = Release|Any CPU
	EndGlobalSection
	GlobalSection(SolutionProperties) = preSolution
		HideSolutionNode = FALSE
	EndGlobalSection
EndGlobal
