
Microsoft Visual Studio Solution File, Format Version 12.00
# Visual Studio 2012
Project("{FAE04EC0-301F-11D3-BF4B-00C04F79EFBC}") = "2-7-1", "2-7-1\2-7-1.csproj", "{5591D434-990E-40A2-9E5D-BA42C6C64DAB}"
EndProject
Global
	GlobalSection(SolutionConfigurationPlatforms) = preSolution
		Debug|Any CPU = Debug|Any CPU
		Release|Any CPU = Release|Any CPU
	EndGlobalSection
	GlobalSection(ProjectConfigurationPlatforms) = postSolution
		{5591D434-990E-40A2-9E5D-BA42C6C64DAB}.Debug|Any CPU.ActiveCfg = Debug|Any CPU
		{5591D434-990E-40A2-9E5D-BA42C6C64DAB}.Debug|Any CPU.Build.0 = Debug|Any CPU
		{5591D434-990E-40A2-9E5D-BA42C6C64DAB}.Release|Any CPU.ActiveCfg = Release|Any CPU
		{5591D434-990E-40A2-9E5D-BA42C6C64DAB}.Release|Any CPU.Build.0 = Release|Any CPU
	EndGlobalSection
	GlobalSection(SolutionProperties) = preSolution
		HideSolutionNode = FALSE
	EndGlobalSection
EndGlobal
