
Microsoft Visual Studio Solution File, Format Version 12.00
# Visual Studio 2012
Project("{FAE04EC0-301F-11D3-BF4B-00C04F79EFBC}") = "2-4-2", "2-4-2\2-4-2.csproj", "{95806471-A009-439C-A15B-471BAF0432FD}"
EndProject
Project("{FAE04EC0-301F-11D3-BF4B-00C04F79EFBC}") = "2-4-2.Test", "2-4-2.Test\2-4-2.Test.csproj", "{11BC67A8-A89B-44FA-A700-CDF3D1EB197E}"
EndProject
Global
	GlobalSection(SolutionConfigurationPlatforms) = preSolution
		Debug|Any CPU = Debug|Any CPU
		Release|Any CPU = Release|Any CPU
	EndGlobalSection
	GlobalSection(ProjectConfigurationPlatforms) = postSolution
		{95806471-A009-439C-A15B-471BAF0432FD}.Debug|Any CPU.ActiveCfg = Debug|Any CPU
		{95806471-A009-439C-A15B-471BAF0432FD}.Debug|Any CPU.Build.0 = Debug|Any CPU
		{95806471-A009-439C-A15B-471BAF0432FD}.Release|Any CPU.ActiveCfg = Release|Any CPU
		{95806471-A009-439C-A15B-471BAF0432FD}.Release|Any CPU.Build.0 = Release|Any CPU
		{11BC67A8-A89B-44FA-A700-CDF3D1EB197E}.Debug|Any CPU.ActiveCfg = Debug|Any CPU
		{11BC67A8-A89B-44FA-A700-CDF3D1EB197E}.Debug|Any CPU.Build.0 = Debug|Any CPU
		{11BC67A8-A89B-44FA-A700-CDF3D1EB197E}.Release|Any CPU.ActiveCfg = Release|Any CPU
		{11BC67A8-A89B-44FA-A700-CDF3D1EB197E}.Release|Any CPU.Build.0 = Release|Any CPU
	EndGlobalSection
	GlobalSection(SolutionProperties) = preSolution
		HideSolutionNode = FALSE
	EndGlobalSection
EndGlobal
