
Microsoft Visual Studio Solution File, Format Version 12.00
# Visual Studio 2012
Project("{FAE04EC0-301F-11D3-BF4B-00C04F79EFBC}") = "2-1-1", "2-1-1\2-1-1.csproj", "{FBD15E99-57B1-4FA6-B23A-4E254E588DCF}"
EndProject
Global
	GlobalSection(SolutionConfigurationPlatforms) = preSolution
		Debug|Any CPU = Debug|Any CPU
		Release|Any CPU = Release|Any CPU
	EndGlobalSection
	GlobalSection(ProjectConfigurationPlatforms) = postSolution
		{FBD15E99-57B1-4FA6-B23A-4E254E588DCF}.Debug|Any CPU.ActiveCfg = Debug|Any CPU
		{FBD15E99-57B1-4FA6-B23A-4E254E588DCF}.Debug|Any CPU.Build.0 = Debug|Any CPU
		{FBD15E99-57B1-4FA6-B23A-4E254E588DCF}.Release|Any CPU.ActiveCfg = Release|Any CPU
		{FBD15E99-57B1-4FA6-B23A-4E254E588DCF}.Release|Any CPU.Build.0 = Release|Any CPU
	EndGlobalSection
	GlobalSection(SolutionProperties) = preSolution
		HideSolutionNode = FALSE
	EndGlobalSection
EndGlobal
