
Microsoft Visual Studio Solution File, Format Version 12.00
# Visual Studio 2012
Project("{FAE04EC0-301F-11D3-BF4B-00C04F79EFBC}") = "CW(3)-2-1-1", "CW(3)-2-1-1\CW(3)-2-1-1.csproj", "{8C1A77E6-B771-4793-9EBC-BAE96F7BB944}"
EndProject
Global
	GlobalSection(SolutionConfigurationPlatforms) = preSolution
		Debug|Any CPU = Debug|Any CPU
		Release|Any CPU = Release|Any CPU
	EndGlobalSection
	GlobalSection(ProjectConfigurationPlatforms) = postSolution
		{8C1A77E6-B771-4793-9EBC-BAE96F7BB944}.Debug|Any CPU.ActiveCfg = Debug|Any CPU
		{8C1A77E6-B771-4793-9EBC-BAE96F7BB944}.Debug|Any CPU.Build.0 = Debug|Any CPU
		{8C1A77E6-B771-4793-9EBC-BAE96F7BB944}.Release|Any CPU.ActiveCfg = Release|Any CPU
		{8C1A77E6-B771-4793-9EBC-BAE96F7BB944}.Release|Any CPU.Build.0 = Release|Any CPU
	EndGlobalSection
	GlobalSection(SolutionProperties) = preSolution
		HideSolutionNode = FALSE
	EndGlobalSection
EndGlobal
